{
    "_meta": {
        "hash": {
            "sha256": "7ecb9124dc10ca700bca65e453e11b3b1497d980e5d61e2d3e5b86f36428f8d1"
        },
        "pipfile-spec": 6,
        "requires": {
            "python_version": "3.10"
        },
        "sources": [
            {
                "name": "pypi",
                "url": "https://pypi.org/simple",
                "verify_ssl": true
            }
        ]
    },
    "default": {
        "ntplib": {
            "hashes": [
                "sha256:899d8fb5f8c2555213aea95efca02934c7343df6ace9d7628a5176b176906267",
                "sha256:8d27375329ed7ff38755f7b6d4658b28edc147cadf40338a63a0da8133469d60"
            ],
            "index": "pypi",
            "version": "==0.4.0"
        },
        "pytz": {
            "hashes": [
                "sha256:1e760e2fe6a8163bc0b3d9a19c4f84342afa0a2affebfaa84b01b978a02ecaa7",
                "sha256:e68985985296d9a66a881eb3193b0906246245294a881e7c8afe623866ac6a5c"
            ],
            "index": "pypi",
            "version": "==2022.1"
        }
    },
    "develop": {}
}
